{
  "version": 4,
  "terraform_version": "1.0.8",
  "serial": 22,
  "lineage": "e1605a58-8024-3a45-3855-543b37f7f1ee",
  "outputs": {},
  "resources": [
    {
      "mode": "managed",
      "type": "google_project_iam_binding",
      "name": "vm-role11",
      "provider": "provider[\"registry.terraform.io/hashicorp/google\"]",
      "instances": [
        {
          "schema_version": 0,
          "attributes": {
            "condition": [],
            "etag": "BwX2QVQHYKQ=",
            "id": "abdelrahman-377520/projects/abdelrahman-377520/roles/listobjects",
            "members": [
              "serviceAccount:mygs-sa@abdelrahman-377520.iam.gserviceaccount.com"
            ],
            "project": "abdelrahman-377520",
            "role": "projects/abdelrahman-377520/roles/listobjects"
          },
          "sensitive_attributes": [],
          "private": "bnVsbA==",
          "dependencies": [
            "google_project_iam_custom_role.list-objects-role",
            "google_service_account.mygs-sa"
          ]
        }
      ]
    },
    {
      "mode": "managed",
      "type": "google_project_iam_custom_role",
      "name": "list-objects-role",
      "provider": "provider[\"registry.terraform.io/hashicorp/google\"]",
      "instances": [
        {
          "schema_version": 0,
          "attributes": {
            "deleted": false,
            "description": "",
            "id": "projects/abdelrahman-377520/roles/listobjects",
            "name": "projects/abdelrahman-377520/roles/listobjects",
            "permissions": [
              "storage.objects.list"
            ],
            "project": "abdelrahman-377520",
            "role_id": "listobjects",
            "stage": "GA",
            "title": "list-objects-role"
          },
          "sensitive_attributes": [],
          "private": "bnVsbA=="
        }
      ]
    },
    {
      "mode": "managed",
      "type": "google_service_account",
      "name": "mygs-sa",
      "provider": "provider[\"registry.terraform.io/hashicorp/google\"]",
      "instances": [
        {
          "schema_version": 0,
          "attributes": {
            "account_id": "mygs-sa",
            "description": "",
            "disabled": false,
            "display_name": "mygs-sa",
            "email": "mygs-sa@abdelrahman-377520.iam.gserviceaccount.com",
            "id": "projects/abdelrahman-377520/serviceAccounts/mygs-sa@abdelrahman-377520.iam.gserviceaccount.com",
            "member": "serviceAccount:mygs-sa@abdelrahman-377520.iam.gserviceaccount.com",
            "name": "projects/abdelrahman-377520/serviceAccounts/mygs-sa@abdelrahman-377520.iam.gserviceaccount.com",
            "project": "abdelrahman-377520",
            "timeouts": null,
            "unique_id": "114864275059765933201"
          },
          "sensitive_attributes": [],
          "private": "eyJlMmJmYjczMC1lY2FhLTExZTYtOGY4OC0zNDM2M2JjN2M0YzAiOnsiY3JlYXRlIjozMDAwMDAwMDAwMDB9fQ=="
        }
      ]
    },
    {
      "module": "module.mynetwork",
      "mode": "managed",
      "type": "google_compute_firewall",
      "name": "allow-in-ssh",
      "provider": "provider[\"registry.terraform.io/hashicorp/google\"]",
      "instances": [
        {
          "schema_version": 1,
          "attributes": {
            "allow": [
              {
                "ports": [
                  "22"
                ],
                "protocol": "tcp"
              }
            ],
            "creation_timestamp": "2023-03-06T12:28:05.272-08:00",
            "deny": [],
            "description": "",
            "destination_ranges": [],
            "direction": "INGRESS",
            "disabled": false,
            "enable_logging": null,
            "id": "projects/abdelrahman-377520/global/firewalls/allow-in-ssh",
            "log_config": [],
            "name": "allow-in-ssh",
            "network": "https://www.googleapis.com/compute/v1/projects/abdelrahman-377520/global/networks/my-vpc",
            "priority": 1000,
            "project": "abdelrahman-377520",
            "self_link": "https://www.googleapis.com/compute/v1/projects/abdelrahman-377520/global/firewalls/allow-in-ssh",
            "source_ranges": [
              "35.235.240.0/20"
            ],
            "source_service_accounts": [],
            "source_tags": [
              "myvm"
            ],
            "target_service_accounts": [],
            "target_tags": [],
            "timeouts": null
          },
          "sensitive_attributes": [],
          "private": "eyJlMmJmYjczMC1lY2FhLTExZTYtOGY4OC0zNDM2M2JjN2M0YzAiOnsiY3JlYXRlIjoxMjAwMDAwMDAwMDAwLCJkZWxldGUiOjEyMDAwMDAwMDAwMDAsInVwZGF0ZSI6MTIwMDAwMDAwMDAwMH0sInNjaGVtYV92ZXJzaW9uIjoiMSJ9",
          "dependencies": [
            "module.mynetwork.google_compute_network.my-vpc"
          ]
        }
      ]
    },
    {
      "module": "module.mynetwork",
      "mode": "managed",
      "type": "google_compute_firewall",
      "name": "egress-deny",
      "provider": "provider[\"registry.terraform.io/hashicorp/google\"]",
      "instances": [
        {
          "schema_version": 1,
          "attributes": {
            "allow": [],
            "creation_timestamp": "2023-03-06T12:28:05.238-08:00",
            "deny": [
              {
                "ports": [],
                "protocol": "all"
              }
            ],
            "description": "",
            "destination_ranges": [
              "0.0.0.0/0"
            ],
            "direction": "EGRESS",
            "disabled": false,
            "enable_logging": null,
            "id": "projects/abdelrahman-377520/global/firewalls/egress-deny",
            "log_config": [],
            "name": "egress-deny",
            "network": "https://www.googleapis.com/compute/v1/projects/abdelrahman-377520/global/networks/my-vpc",
            "priority": 1000,
            "project": "abdelrahman-377520",
            "self_link": "https://www.googleapis.com/compute/v1/projects/abdelrahman-377520/global/firewalls/egress-deny",
            "source_ranges": [],
            "source_service_accounts": [],
            "source_tags": [],
            "target_service_accounts": [],
            "target_tags": [],
            "timeouts": null
          },
          "sensitive_attributes": [],
          "private": "eyJlMmJmYjczMC1lY2FhLTExZTYtOGY4OC0zNDM2M2JjN2M0YzAiOnsiY3JlYXRlIjoxMjAwMDAwMDAwMDAwLCJkZWxldGUiOjEyMDAwMDAwMDAwMDAsInVwZGF0ZSI6MTIwMDAwMDAwMDAwMH0sInNjaGVtYV92ZXJzaW9uIjoiMSJ9",
          "dependencies": [
            "module.mynetwork.google_compute_network.my-vpc"
          ]
        }
      ]
    },
    {
      "module": "module.mynetwork",
      "mode": "managed",
      "type": "google_compute_network",
      "name": "my-vpc",
      "provider": "provider[\"registry.terraform.io/hashicorp/google\"]",
      "instances": [
        {
          "schema_version": 0,
          "attributes": {
            "auto_create_subnetworks": false,
            "delete_default_routes_on_create": false,
            "description": "",
            "enable_ula_internal_ipv6": false,
            "gateway_ipv4": "",
            "id": "projects/abdelrahman-377520/global/networks/my-vpc",
            "internal_ipv6_range": "",
            "mtu": 0,
            "name": "my-vpc",
            "project": "abdelrahman-377520",
            "routing_mode": "REGIONAL",
            "self_link": "https://www.googleapis.com/compute/v1/projects/abdelrahman-377520/global/networks/my-vpc",
            "timeouts": null
          },
          "sensitive_attributes": [],
          "private": "eyJlMmJmYjczMC1lY2FhLTExZTYtOGY4OC0zNDM2M2JjN2M0YzAiOnsiY3JlYXRlIjoxMjAwMDAwMDAwMDAwLCJkZWxldGUiOjEyMDAwMDAwMDAwMDAsInVwZGF0ZSI6MTIwMDAwMDAwMDAwMH19"
        }
      ]
    },
    {
      "module": "module.mynetwork",
      "mode": "managed",
      "type": "google_compute_subnetwork",
      "name": "restricted-subnet",
      "provider": "provider[\"registry.terraform.io/hashicorp/google\"]",
      "instances": [
        {
          "schema_version": 0,
          "attributes": {
            "creation_timestamp": "2023-03-06T12:28:07.887-08:00",
            "description": "",
            "external_ipv6_prefix": "",
            "fingerprint": null,
            "gateway_address": "10.0.2.1",
            "id": "projects/abdelrahman-377520/regions/asia-east1/subnetworks/restricted-subnet",
            "ip_cidr_range": "10.0.2.0/24",
            "ipv6_access_type": "",
            "ipv6_cidr_range": "",
            "log_config": [],
            "name": "restricted-subnet",
            "network": "https://www.googleapis.com/compute/v1/projects/abdelrahman-377520/global/networks/my-vpc",
            "private_ip_google_access": true,
            "private_ipv6_google_access": "DISABLE_GOOGLE_ACCESS",
            "project": "abdelrahman-377520",
            "purpose": "PRIVATE",
            "region": "asia-east1",
            "role": "",
            "secondary_ip_range": [],
            "self_link": "https://www.googleapis.com/compute/v1/projects/abdelrahman-377520/regions/asia-east1/subnetworks/restricted-subnet",
            "stack_type": "IPV4_ONLY",
            "timeouts": null
          },
          "sensitive_attributes": [],
          "private": "eyJlMmJmYjczMC1lY2FhLTExZTYtOGY4OC0zNDM2M2JjN2M0YzAiOnsiY3JlYXRlIjoxMjAwMDAwMDAwMDAwLCJkZWxldGUiOjEyMDAwMDAwMDAwMDAsInVwZGF0ZSI6MTIwMDAwMDAwMDAwMH19",
          "dependencies": [
            "module.mynetwork.google_compute_network.my-vpc"
          ]
        }
      ]
    }
  ]
}
